// !$*UTF8*$!
{
	archiveVersion = 1;
	classes = {
	};
	objectVersion = 50;
	objects = {

/* Begin PBXBuildFile section */
		9E773CA123083A7800D06AC8 /* AppDelegate.m in Sources */ = {isa = PBXBuildFile; fileRef = 9E773CA023083A7800D06AC8 /* AppDelegate.m */; };
		9E773CA423083A7800D06AC8 /* ViewController.m in Sources */ = {isa = PBXBuildFile; fileRef = 9E773CA323083A7800D06AC8 /* ViewController.m */; };
		9E773CA723083A7800D06AC8 /* Main.storyboard in Resources */ = {isa = PBXBuildFile; fileRef = 9E773CA523083A7800D06AC8 /* Main.storyboard */; };
		9E773CA923083A7A00D06AC8 /* Assets.xcassets in Resources */ = {isa = PBXBuildFile; fileRef = 9E773CA823083A7A00D06AC8 /* Assets.xcassets */; };
		9E773CAC23083A7A00D06AC8 /* LaunchScreen.storyboard in Resources */ = {isa = PBXBuildFile; fileRef = 9E773CAA23083A7A00D06AC8 /* LaunchScreen.storyboard */; };
		9E773CAF23083A7A00D06AC8 /* main.m in Sources */ = {isa = PBXBuildFile; fileRef = 9E773CAE23083A7A00D06AC8 /* main.m */; };
		9E773CB923083A7A00D06AC8 /* XFReuseViewTests.m in Sources */ = {isa = PBXBuildFile; fileRef = 9E773CB823083A7A00D06AC8 /* XFReuseViewTests.m */; };
		9E773CC423083A7A00D06AC8 /* XFReuseViewUITests.m in Sources */ = {isa = PBXBuildFile; fileRef = 9E773CC323083A7A00D06AC8 /* XFReuseViewUITests.m */; };
		9E773CD423083AA100D06AC8 /* XFReuseView.m in Sources */ = {isa = PBXBuildFile; fileRef = 9E773CD323083AA100D06AC8 /* XFReuseView.m */; };
		9E773CDA23083F4300D06AC8 /* XFReuseDefinition.m in Sources */ = {isa = PBXBuildFile; fileRef = 9E773CD923083E4400D06AC8 /* XFReuseDefinition.m */; };
		9E773CDD2308E96900D06AC8 /* UIView+ReuseView.m in Sources */ = {isa = PBXBuildFile; fileRef = 9E773CDC2308E96900D06AC8 /* UIView+ReuseView.m */; };
/* End PBXBuildFile section */

/* Begin PBXContainerItemProxy section */
		9E773CB523083A7A00D06AC8 /* PBXContainerItemProxy */ = {
			isa = PBXContainerItemProxy;
			containerPortal = 9E773C9423083A7800D06AC8 /* Project object */;
			proxyType = 1;
			remoteGlobalIDString = 9E773C9B23083A7800D06AC8;
			remoteInfo = XFReuseView;
		};
		9E773CC023083A7A00D06AC8 /* PBXContainerItemProxy */ = {
			isa = PBXContainerItemProxy;
			containerPortal = 9E773C9423083A7800D06AC8 /* Project object */;
			proxyType = 1;
			remoteGlobalIDString = 9E773C9B23083A7800D06AC8;
			remoteInfo = XFReuseView;
		};
/* End PBXContainerItemProxy section */

/* Begin PBXFileReference section */
		9E773C9C23083A7800D06AC8 /* XFReuseView.app */ = {isa = PBXFileReference; explicitFileType = wrapper.application; includeInIndex = 0; path = XFReuseView.app; sourceTree = BUILT_PRODUCTS_DIR; };
		9E773C9F23083A7800D06AC8 /* AppDelegate.h */ = {isa = PBXFileReference; lastKnownFileType = sourcecode.c.h; path = AppDelegate.h; sourceTree = "<group>"; };
		9E773CA023083A7800D06AC8 /* AppDelegate.m */ = {isa = PBXFileReference; lastKnownFileType = sourcecode.c.objc; path = AppDelegate.m; sourceTree = "<group>"; };
		9E773CA223083A7800D06AC8 /* ViewController.h */ = {isa = PBXFileReference; lastKnownFileType = sourcecode.c.h; path = ViewController.h; sourceTree = "<group>"; };
		9E773CA323083A7800D06AC8 /* ViewController.m */ = {isa = PBXFileReference; lastKnownFileType = sourcecode.c.objc; path = ViewController.m; sourceTree = "<group>"; };
		9E773CA623083A7800D06AC8 /* Base */ = {isa = PBXFileReference; lastKnownFileType = file.storyboard; name = Base; path = Base.lproj/Main.storyboard; sourceTree = "<group>"; };
		9E773CA823083A7A00D06AC8 /* Assets.xcassets */ = {isa = PBXFileReference; lastKnownFileType = folder.assetcatalog; path = Assets.xcassets; sourceTree = "<group>"; };
		9E773CAB23083A7A00D06AC8 /* Base */ = {isa = PBXFileReference; lastKnownFileType = file.storyboard; name = Base; path = Base.lproj/LaunchScreen.storyboard; sourceTree = "<group>"; };
		9E773CAD23083A7A00D06AC8 /* Info.plist */ = {isa = PBXFileReference; lastKnownFileType = text.plist.xml; path = Info.plist; sourceTree = "<group>"; };
		9E773CAE23083A7A00D06AC8 /* main.m */ = {isa = PBXFileReference; lastKnownFileType = sourcecode.c.objc; path = main.m; sourceTree = "<group>"; };
		9E773CB423083A7A00D06AC8 /* XFReuseViewTests.xctest */ = {isa = PBXFileReference; explicitFileType = wrapper.cfbundle; includeInIndex = 0; path = XFReuseViewTests.xctest; sourceTree = BUILT_PRODUCTS_DIR; };
		9E773CB823083A7A00D06AC8 /* XFReuseViewTests.m */ = {isa = PBXFileReference; lastKnownFileType = sourcecode.c.objc; path = XFReuseViewTests.m; sourceTree = "<group>"; };
		9E773CBA23083A7A00D06AC8 /* Info.plist */ = {isa = PBXFileReference; lastKnownFileType = text.plist.xml; path = Info.plist; sourceTree = "<group>"; };
		9E773CBF23083A7A00D06AC8 /* XFReuseViewUITests.xctest */ = {isa = PBXFileReference; explicitFileType = wrapper.cfbundle; includeInIndex = 0; path = XFReuseViewUITests.xctest; sourceTree = BUILT_PRODUCTS_DIR; };
		9E773CC323083A7A00D06AC8 /* XFReuseViewUITests.m */ = {isa = PBXFileReference; lastKnownFileType = sourcecode.c.objc; path = XFReuseViewUITests.m; sourceTree = "<group>"; };
		9E773CC523083A7A00D06AC8 /* Info.plist */ = {isa = PBXFileReference; lastKnownFileType = text.plist.xml; path = Info.plist; sourceTree = "<group>"; };
		9E773CD223083AA100D06AC8 /* XFReuseView.h */ = {isa = PBXFileReference; lastKnownFileType = sourcecode.c.h; path = XFReuseView.h; sourceTree = "<group>"; };
		9E773CD323083AA100D06AC8 /* XFReuseView.m */ = {isa = PBXFileReference; lastKnownFileType = sourcecode.c.objc; path = XFReuseView.m; sourceTree = "<group>"; };
		9E773CD823083D1C00D06AC8 /* XFReuseDefinition.h */ = {isa = PBXFileReference; lastKnownFileType = sourcecode.c.h; path = XFReuseDefinition.h; sourceTree = "<group>"; };
		9E773CD923083E4400D06AC8 /* XFReuseDefinition.m */ = {isa = PBXFileReference; lastKnownFileType = sourcecode.c.objc; path = XFReuseDefinition.m; sourceTree = "<group>"; };
		9E773CDB2308E96900D06AC8 /* UIView+ReuseView.h */ = {isa = PBXFileReference; lastKnownFileType = sourcecode.c.h; path = "UIView+ReuseView.h"; sourceTree = "<group>"; };
		9E773CDC2308E96900D06AC8 /* UIView+ReuseView.m */ = {isa = PBXFileReference; lastKnownFileType = sourcecode.c.objc; path = "UIView+ReuseView.m"; sourceTree = "<group>"; };
/* End PBXFileReference section */

/* Begin PBXFrameworksBuildPhase section */
		9E773C9923083A7800D06AC8 /* Frameworks */ = {
			isa = PBXFrameworksBuildPhase;
			buildActionMask = 2147483647;
			files = (
			);
			runOnlyForDeploymentPostprocessing = 0;
		};
		9E773CB123083A7A00D06AC8 /* Frameworks */ = {
			isa = PBXFrameworksBuildPhase;
			buildActionMask = 2147483647;
			files = (
			);
			runOnlyForDeploymentPostprocessing = 0;
		};
		9E773CBC23083A7A00D06AC8 /* Frameworks */ = {
			isa = PBXFrameworksBuildPhase;
			buildActionMask = 2147483647;
			files = (
			);
			runOnlyForDeploymentPostprocessing = 0;
		};
/* End PBXFrameworksBuildPhase section */

/* Begin PBXGroup section */
		9E773C9323083A7800D06AC8 = {
			isa = PBXGroup;
			children = (
				9E773C9E23083A7800D06AC8 /* XFReuseView */,
				9E773CB723083A7A00D06AC8 /* XFReuseViewTests */,
				9E773CC223083A7A00D06AC8 /* XFReuseViewUITests */,
				9E773C9D23083A7800D06AC8 /* Products */,
			);
			sourceTree = "<group>";
		};
		9E773C9D23083A7800D06AC8 /* Products */ = {
			isa = PBXGroup;
			children = (
				9E773C9C23083A7800D06AC8 /* XFReuseView.app */,
				9E773CB423083A7A00D06AC8 /* XFReuseViewTests.xctest */,
				9E773CBF23083A7A00D06AC8 /* XFReuseViewUITests.xctest */,
			);
			name = Products;
			sourceTree = "<group>";
		};
		9E773C9E23083A7800D06AC8 /* XFReuseView */ = {
			isa = PBXGroup;
			children = (
				9E773CD123083A8A00D06AC8 /* XFReuseView */,
				9E773C9F23083A7800D06AC8 /* AppDelegate.h */,
				9E773CA023083A7800D06AC8 /* AppDelegate.m */,
				9E773CA223083A7800D06AC8 /* ViewController.h */,
				9E773CA323083A7800D06AC8 /* ViewController.m */,
				9E773CA523083A7800D06AC8 /* Main.storyboard */,
				9E773CA823083A7A00D06AC8 /* Assets.xcassets */,
				9E773CAA23083A7A00D06AC8 /* LaunchScreen.storyboard */,
				9E773CAD23083A7A00D06AC8 /* Info.plist */,
				9E773CAE23083A7A00D06AC8 /* main.m */,
			);
			path = XFReuseView;
			sourceTree = "<group>";
		};
		9E773CB723083A7A00D06AC8 /* XFReuseViewTests */ = {
			isa = PBXGroup;
			children = (
				9E773CB823083A7A00D06AC8 /* XFReuseViewTests.m */,
				9E773CBA23083A7A00D06AC8 /* Info.plist */,
			);
			path = XFReuseViewTests;
			sourceTree = "<group>";
		};
		9E773CC223083A7A00D06AC8 /* XFReuseViewUITests */ = {
			isa = PBXGroup;
			children = (
				9E773CC323083A7A00D06AC8 /* XFReuseViewUITests.m */,
				9E773CC523083A7A00D06AC8 /* Info.plist */,
			);
			path = XFReuseViewUITests;
			sourceTree = "<group>";
		};
		9E773CD123083A8A00D06AC8 /* XFReuseView */ = {
			isa = PBXGroup;
			children = (
				9E773CD223083AA100D06AC8 /* XFReuseView.h */,
				9E773CD323083AA100D06AC8 /* XFReuseView.m */,
				9E773CD823083D1C00D06AC8 /* XFReuseDefinition.h */,
				9E773CD923083E4400D06AC8 /* XFReuseDefinition.m */,
				9E773CDB2308E96900D06AC8 /* UIView+ReuseView.h */,
				9E773CDC2308E96900D06AC8 /* UIView+ReuseView.m */,
			);
			path = XFReuseView;
			sourceTree = "<group>";
		};
/* End PBXGroup section */

/* Begin PBXNativeTarget section */
		9E773C9B23083A7800D06AC8 /* XFReuseView */ = {
			isa = PBXNativeTarget;
			buildConfigurationList = 9E773CC823083A7A00D06AC8 /* Build configuration list for PBXNativeTarget "XFReuseView" */;
			buildPhases = (
				9E773C9823083A7800D06AC8 /* Sources */,
				9E773C9923083A7800D06AC8 /* Frameworks */,
				9E773C9A23083A7800D06AC8 /* Resources */,
			);
			buildRules = (
			);
			dependencies = (
			);
			name = XFReuseView;
			productName = XFReuseView;
			productReference = 9E773C9C23083A7800D06AC8 /* XFReuseView.app */;
			productType = "com.apple.product-type.application";
		};
		9E773CB323083A7A00D06AC8 /* XFReuseViewTests */ = {
			isa = PBXNativeTarget;
			buildConfigurationList = 9E773CCB23083A7A00D06AC8 /* Build configuration list for PBXNativeTarget "XFReuseViewTests" */;
			buildPhases = (
				9E773CB023083A7A00D06AC8 /* Sources */,
				9E773CB123083A7A00D06AC8 /* Frameworks */,
				9E773CB223083A7A00D06AC8 /* Resources */,
			);
			buildRules = (
			);
			dependencies = (
				9E773CB623083A7A00D06AC8 /* PBXTargetDependency */,
			);
			name = XFReuseViewTests;
			productName = XFReuseViewTests;
			productReference = 9E773CB423083A7A00D06AC8 /* XFReuseViewTests.xctest */;
			productType = "com.apple.product-type.bundle.unit-test";
		};
		9E773CBE23083A7A00D06AC8 /* XFReuseViewUITests */ = {
			isa = PBXNativeTarget;
			buildConfigurationList = 9E773CCE23083A7A00D06AC8 /* Build configuration list for PBXNativeTarget "XFReuseViewUITests" */;
			buildPhases = (
				9E773CBB23083A7A00D06AC8 /* Sources */,
				9E773CBC23083A7A00D06AC8 /* Frameworks */,
				9E773CBD23083A7A00D06AC8 /* Resources */,
			);
			buildRules = (
			);
			dependencies = (
				9E773CC123083A7A00D06AC8 /* PBXTargetDependency */,
			);
			name = XFReuseViewUITests;
			productName = XFReuseViewUITests;
			productReference = 9E773CBF23083A7A00D06AC8 /* XFReuseViewUITests.xctest */;
			productType = "com.apple.product-type.bundle.ui-testing";
		};
/* End PBXNativeTarget section */

/* Begin PBXProject section */
		9E773C9423083A7800D06AC8 /* Project object */ = {
			isa = PBXProject;
			attributes = {
				LastUpgradeCheck = 1010;
				ORGANIZATIONNAME = "谢帆";
				TargetAttributes = {
					9E773C9B23083A7800D06AC8 = {
						CreatedOnToolsVersion = 10.1;
					};
					9E773CB323083A7A00D06AC8 = {
						CreatedOnToolsVersion = 10.1;
						TestTargetID = 9E773C9B23083A7800D06AC8;
					};
					9E773CBE23083A7A00D06AC8 = {
						CreatedOnToolsVersion = 10.1;
						TestTargetID = 9E773C9B23083A7800D06AC8;
					};
				};
			};
			buildConfigurationList = 9E773C9723083A7800D06AC8 /* Build configuration list for PBXProject "XFReuseView" */;
			compatibilityVersion = "Xcode 9.3";
			developmentRegion = en;
			hasScannedForEncodings = 0;
			knownRegions = (
				en,
				Base,
			);
			mainGroup = 9E773C9323083A7800D06AC8;
			productRefGroup = 9E773C9D23083A7800D06AC8 /* Products */;
			projectDirPath = "";
			projectRoot = "";
			targets = (
				9E773C9B23083A7800D06AC8 /* XFReuseView */,
				9E773CB323083A7A00D06AC8 /* XFReuseViewTests */,
				9E773CBE23083A7A00D06AC8 /* XFReuseViewUITests */,
			);
		};
/* End PBXProject section */

/* Begin PBXResourcesBuildPhase section */
		9E773C9A23083A7800D06AC8 /* Resources */ = {
			isa = PBXResourcesBuildPhase;
			buildActionMask = 2147483647;
			files = (
				9E773CAC23083A7A00D06AC8 /* LaunchScreen.storyboard in Resources */,
				9E773CA923083A7A00D06AC8 /* Assets.xcassets in Resources */,
				9E773CA723083A7800D06AC8 /* Main.storyboard in Resources */,
			);
			runOnlyForDeploymentPostprocessing = 0;
		};
		9E773CB223083A7A00D06AC8 /* Resources */ = {
			isa = PBXResourcesBuildPhase;
			buildActionMask = 2147483647;
			files = (
			);
			runOnlyForDeploymentPostprocessing = 0;
		};
		9E773CBD23083A7A00D06AC8 /* Resources */ = {
			isa = PBXResourcesBuildPhase;
			buildActionMask = 2147483647;
			files = (
			);
			runOnlyForDeploymentPostprocessing = 0;
		};
/* End PBXResourcesBuildPhase section */

/* Begin PBXSourcesBuildPhase section */
		9E773C9823083A7800D06AC8 /* Sources */ = {
			isa = PBXSourcesBuildPhase;
			buildActionMask = 2147483647;
			files = (
				9E773CDD2308E96900D06AC8 /* UIView+ReuseView.m in Sources */,
				9E773CA423083A7800D06AC8 /* ViewController.m in Sources */,
				9E773CD423083AA100D06AC8 /* XFReuseView.m in Sources */,
				9E773CAF23083A7A00D06AC8 /* main.m in Sources */,
				9E773CA123083A7800D06AC8 /* AppDelegate.m in Sources */,
				9E773CDA23083F4300D06AC8 /* XFReuseDefinition.m in Sources */,
			);
			runOnlyForDeploymentPostprocessing = 0;
		};
		9E773CB023083A7A00D06AC8 /* Sources */ = {
			isa = PBXSourcesBuildPhase;
			buildActionMask = 2147483647;
			files = (
				9E773CB923083A7A00D06AC8 /* XFReuseViewTests.m in Sources */,
			);
			runOnlyForDeploymentPostprocessing = 0;
		};
		9E773CBB23083A7A00D06AC8 /* Sources */ = {
			isa = PBXSourcesBuildPhase;
			buildActionMask = 2147483647;
			files = (
				9E773CC423083A7A00D06AC8 /* XFReuseViewUITests.m in Sources */,
			);
			runOnlyForDeploymentPostprocessing = 0;
		};
/* End PBXSourcesBuildPhase section */

/* Begin PBXTargetDependency section */
		9E773CB623083A7A00D06AC8 /* PBXTargetDependency */ = {
			isa = PBXTargetDependency;
			target = 9E773C9B23083A7800D06AC8 /* XFReuseView */;
			targetProxy = 9E773CB523083A7A00D06AC8 /* PBXContainerItemProxy */;
		};
		9E773CC123083A7A00D06AC8 /* PBXTargetDependency */ = {
			isa = PBXTargetDependency;
			target = 9E773C9B23083A7800D06AC8 /* XFReuseView */;
			targetProxy = 9E773CC023083A7A00D06AC8 /* PBXContainerItemProxy */;
		};
/* End PBXTargetDependency section */

/* Begin PBXVariantGroup section */
		9E773CA523083A7800D06AC8 /* Main.storyboard */ = {
			isa = PBXVariantGroup;
			children = (
				9E773CA623083A7800D06AC8 /* Base */,
			);
			name = Main.storyboard;
			sourceTree = "<group>";
		};
		9E773CAA23083A7A00D06AC8 /* LaunchScreen.storyboard */ = {
			isa = PBXVariantGroup;
			children = (
				9E773CAB23083A7A00D06AC8 /* Base */,
			);
			name = LaunchScreen.storyboard;
			sourceTree = "<group>";
		};
/* End PBXVariantGroup section */

/* Begin XCBuildConfiguration section */
		9E773CC623083A7A00D06AC8 /* Debug */ = {
			isa = XCBuildConfiguration;
			buildSettings = {
				ALWAYS_SEARCH_USER_PATHS = NO;
				CLANG_ANALYZER_NONNULL = YES;
				CLANG_ANALYZER_NUMBER_OBJECT_CONVERSION = YES_AGGRESSIVE;
				CLANG_CXX_LANGUAGE_STANDARD = "gnu++14";
				CLANG_CXX_LIBRARY = "libc++";
				CLANG_ENABLE_MODULES = YES;
				CLANG_ENABLE_OBJC_ARC = YES;
				CLANG_ENABLE_OBJC_WEAK = YES;
				CLANG_WARN_BLOCK_CAPTURE_AUTORELEASING = YES;
				CLANG_WARN_BOOL_CONVERSION = YES;
				CLANG_WARN_COMMA = YES;
				CLANG_WARN_CONSTANT_CONVERSION = YES;
				CLANG_WARN_DEPRECATED_OBJC_IMPLEMENTATIONS = YES;
				CLANG_WARN_DIRECT_OBJC_ISA_USAGE = YES_ERROR;
				CLANG_WARN_DOCUMENTATION_COMMENTS = YES;
				CLANG_WARN_EMPTY_BODY = YES;
				CLANG_WARN_ENUM_CONVERSION = YES;
				CLANG_WARN_INFINITE_RECURSION = YES;
				CLANG_WARN_INT_CONVERSION = YES;
				CLANG_WARN_NON_LITERAL_NULL_CONVERSION = YES;
				CLANG_WARN_OBJC_IMPLICIT_RETAIN_SELF = YES;
				CLANG_WARN_OBJC_LITERAL_CONVERSION = YES;
				CLANG_WARN_OBJC_ROOT_CLASS = YES_ERROR;
				CLANG_WARN_RANGE_LOOP_ANALYSIS = YES;
				CLANG_WARN_STRICT_PROTOTYPES = YES;
				CLANG_WARN_SUSPICIOUS_MOVE = YES;
				CLANG_WARN_UNGUARDED_AVAILABILITY = YES_AGGRESSIVE;
				CLANG_WARN_UNREACHABLE_CODE = YES;
				CLANG_WARN__DUPLICATE_METHOD_MATCH = YES;
				CODE_SIGN_IDENTITY = "iPhone Developer";
				COPY_PHASE_STRIP = NO;
				DEBUG_INFORMATION_FORMAT = dwarf;
				ENABLE_STRICT_OBJC_MSGSEND = YES;
				ENABLE_TESTABILITY = YES;
				GCC_C_LANGUAGE_STANDARD = gnu11;
				GCC_DYNAMIC_NO_PIC = NO;
				GCC_NO_COMMON_BLOCKS = YES;
				GCC_OPTIMIZATION_LEVEL = 0;
				GCC_PREPROCESSOR_DEFINITIONS = (
					"DEBUG=1",
					"$(inherited)",
				);
				GCC_WARN_64_TO_32_BIT_CONVERSION = YES;
				GCC_WARN_ABOUT_RETURN_TYPE = YES_ERROR;
				GCC_WARN_UNDECLARED_SELECTOR = YES;
				GCC_WARN_UNINITIALIZED_AUTOS = YES_AGGRESSIVE;
				GCC_WARN_UNUSED_FUNCTION = YES;
				GCC_WARN_UNUSED_VARIABLE = YES;
				IPHONEOS_DEPLOYMENT_TARGET = 12.1;
				MTL_ENABLE_DEBUG_INFO = INCLUDE_SOURCE;
				MTL_FAST_MATH = YES;
				ONLY_ACTIVE_ARCH = YES;
				SDKROOT = iphoneos;
			};
			name = Debug;
		};
		9E773CC723083A7A00D06AC8 /* Release */ = {
			isa = XCBuildConfiguration;
			buildSettings = {
				ALWAYS_SEARCH_USER_PATHS = NO;
				CLANG_ANALYZER_NONNULL = YES;
				CLANG_ANALYZER_NUMBER_OBJECT_CONVERSION = YES_AGGRESSIVE;
				CLANG_CXX_LANGUAGE_STANDARD = "gnu++14";
				CLANG_CXX_LIBRARY = "libc++";
				CLANG_ENABLE_MODULES = YES;
				CLANG_ENABLE_OBJC_ARC = YES;
				CLANG_ENABLE_OBJC_WEAK = YES;
				CLANG_WARN_BLOCK_CAPTURE_AUTORELEASING = YES;
				CLANG_WARN_BOOL_CONVERSION = YES;
				CLANG_WARN_COMMA = YES;
				CLANG_WARN_CONSTANT_CONVERSION = YES;
				CLANG_WARN_DEPRECATED_OBJC_IMPLEMENTATIONS = YES;
				CLANG_WARN_DIRECT_OBJC_ISA_USAGE = YES_ERROR;
				CLANG_WARN_DOCUMENTATION_COMMENTS = YES;
				CLANG_WARN_EMPTY_BODY = YES;
				CLANG_WARN_ENUM_CONVERSION = YES;
				CLANG_WARN_INFINITE_RECURSION = YES;
				CLANG_WARN_INT_CONVERSION = YES;
				CLANG_WARN_NON_LITERAL_NULL_CONVERSION = YES;
				CLANG_WARN_OBJC_IMPLICIT_RETAIN_SELF = YES;
				CLANG_WARN_OBJC_LITERAL_CONVERSION = YES;
				CLANG_WARN_OBJC_ROOT_CLASS = YES_ERROR;
				CLANG_WARN_RANGE_LOOP_ANALYSIS = YES;
				CLANG_WARN_STRICT_PROTOTYPES = YES;
				CLANG_WARN_SUSPICIOUS_MOVE = YES;
				CLANG_WARN_UNGUARDED_AVAILABILITY = YES_AGGRESSIVE;
				CLANG_WARN_UNREACHABLE_CODE = YES;
				CLANG_WARN__DUPLICATE_METHOD_MATCH = YES;
				CODE_SIGN_IDENTITY = "iPhone Developer";
				COPY_PHASE_STRIP = NO;
				DEBUG_INFORMATION_FORMAT = "dwarf-with-dsym";
				ENABLE_NS_ASSERTIONS = NO;
				ENABLE_STRICT_OBJC_MSGSEND = YES;
				GCC_C_LANGUAGE_STANDARD = gnu11;
				GCC_NO_COMMON_BLOCKS = YES;
				GCC_WARN_64_TO_32_BIT_CONVERSION = YES;
				GCC_WARN_ABOUT_RETURN_TYPE = YES_ERROR;
				GCC_WARN_UNDECLARED_SELECTOR = YES;
				GCC_WARN_UNINITIALIZED_AUTOS = YES_AGGRESSIVE;
				GCC_WARN_UNUSED_FUNCTION = YES;
				GCC_WARN_UNUSED_VARIABLE = YES;
				IPHONEOS_DEPLOYMENT_TARGET = 12.1;
				MTL_ENABLE_DEBUG_INFO = NO;
				MTL_FAST_MATH = YES;
				SDKROOT = iphoneos;
				VALIDATE_PRODUCT = YES;
			};
			name = Release;
		};
		9E773CC923083A7A00D06AC8 /* Debug */ = {
			isa = XCBuildConfiguration;
			buildSettings = {
				ASSETCATALOG_COMPILER_APPICON_NAME = AppIcon;
				CODE_SIGN_STYLE = Automatic;
				DEVELOPMENT_TEAM = 8RD2522EQU;
				INFOPLIST_FILE = XFReuseView/Info.plist;
				LD_RUNPATH_SEARCH_PATHS = (
					"$(inherited)",
					"@executable_path/Frameworks",
				);
				PRODUCT_BUNDLE_IDENTIFIER = com.xiefans.reuseView.XFReuseView;
				PRODUCT_NAME = "$(TARGET_NAME)";
				TARGETED_DEVICE_FAMILY = "1,2";
			};
			name = Debug;
		};
		9E773CCA23083A7A00D06AC8 /* Release */ = {
			isa = XCBuildConfiguration;
			buildSettings = {
				ASSETCATALOG_COMPILER_APPICON_NAME = AppIcon;
				CODE_SIGN_STYLE = Automatic;
				DEVELOPMENT_TEAM = 8RD2522EQU;
				INFOPLIST_FILE = XFReuseView/Info.plist;
				LD_RUNPATH_SEARCH_PATHS = (
					"$(inherited)",
					"@executable_path/Frameworks",
				);
				PRODUCT_BUNDLE_IDENTIFIER = com.xiefans.reuseView.XFReuseView;
				PRODUCT_NAME = "$(TARGET_NAME)";
				TARGETED_DEVICE_FAMILY = "1,2";
			};
			name = Release;
		};
		9E773CCC23083A7A00D06AC8 /* Debug */ = {
			isa = XCBuildConfiguration;
			buildSettings = {
				BUNDLE_LOADER = "$(TEST_HOST)";
				CODE_SIGN_STYLE = Automatic;
				DEVELOPMENT_TEAM = 8RD2522EQU;
				INFOPLIST_FILE = XFReuseViewTests/Info.plist;
				LD_RUNPATH_SEARCH_PATHS = (
					"$(inherited)",
					"@executable_path/Frameworks",
					"@loader_path/Frameworks",
				);
				PRODUCT_BUNDLE_IDENTIFIER = com.xiefans.reuseView.XFReuseViewTests;
				PRODUCT_NAME = "$(TARGET_NAME)";
				TARGETED_DEVICE_FAMILY = "1,2";
				TEST_HOST = "$(BUILT_PRODUCTS_DIR)/XFReuseView.app/XFReuseView";
			};
			name = Debug;
		};
		9E773CCD23083A7A00D06AC8 /* Release */ = {
			isa = XCBuildConfiguration;
			buildSettings = {
				BUNDLE_LOADER = "$(TEST_HOST)";
				CODE_SIGN_STYLE = Automatic;
				DEVELOPMENT_TEAM = 8RD2522EQU;
				INFOPLIST_FILE = XFReuseViewTests/Info.plist;
				LD_RUNPATH_SEARCH_PATHS = (
					"$(inherited)",
					"@executable_path/Frameworks",
					"@loader_path/Frameworks",
				);
				PRODUCT_BUNDLE_IDENTIFIER = com.xiefans.reuseView.XFReuseViewTests;
				PRODUCT_NAME = "$(TARGET_NAME)";
				TARGETED_DEVICE_FAMILY = "1,2";
				TEST_HOST = "$(BUILT_PRODUCTS_DIR)/XFReuseView.app/XFReuseView";
			};
			name = Release;
		};
		9E773CCF23083A7A00D06AC8 /* Debug */ = {
			isa = XCBuildConfiguration;
			buildSettings = {
				CODE_SIGN_STYLE = Automatic;
				DEVELOPMENT_TEAM = 8RD2522EQU;
				INFOPLIST_FILE = XFReuseViewUITests/Info.plist;
				LD_RUNPATH_SEARCH_PATHS = (
					"$(inherited)",
					"@executable_path/Frameworks",
					"@loader_path/Frameworks",
				);
				PRODUCT_BUNDLE_IDENTIFIER = com.xiefans.reuseView.XFReuseViewUITests;
				PRODUCT_NAME = "$(TARGET_NAME)";
				TARGETED_DEVICE_FAMILY = "1,2";
				TEST_TARGET_NAME = XFReuseView;
			};
			name = Debug;
		};
		9E773CD023083A7A00D06AC8 /* Release */ = {
			isa = XCBuildConfiguration;
			buildSettings = {
				CODE_SIGN_STYLE = Automatic;
				DEVELOPMENT_TEAM = 8RD2522EQU;
				INFOPLIST_FILE = XFReuseViewUITests/Info.plist;
				LD_RUNPATH_SEARCH_PATHS = (
					"$(inherited)",
					"@executable_path/Frameworks",
					"@loader_path/Frameworks",
				);
				PRODUCT_BUNDLE_IDENTIFIER = com.xiefans.reuseView.XFReuseViewUITests;
				PRODUCT_NAME = "$(TARGET_NAME)";
				TARGETED_DEVICE_FAMILY = "1,2";
				TEST_TARGET_NAME = XFReuseView;
			};
			name = Release;
		};
/* End XCBuildConfiguration section */

/* Begin XCConfigurationList section */
		9E773C9723083A7800D06AC8 /* Build configuration list for PBXProject "XFReuseView" */ = {
			isa = XCConfigurationList;
			buildConfigurations = (
				9E773CC623083A7A00D06AC8 /* Debug */,
				9E773CC723083A7A00D06AC8 /* Release */,
			);
			defaultConfigurationIsVisible = 0;
			defaultConfigurationName = Release;
		};
		9E773CC823083A7A00D06AC8 /* Build configuration list for PBXNativeTarget "XFReuseView" */ = {
			isa = XCConfigurationList;
			buildConfigurations = (
				9E773CC923083A7A00D06AC8 /* Debug */,
				9E773CCA23083A7A00D06AC8 /* Release */,
			);
			defaultConfigurationIsVisible = 0;
			defaultConfigurationName = Release;
		};
		9E773CCB23083A7A00D06AC8 /* Build configuration list for PBXNativeTarget "XFReuseViewTests" */ = {
			isa = XCConfigurationList;
			buildConfigurations = (
				9E773CCC23083A7A00D06AC8 /* Debug */,
				9E773CCD23083A7A00D06AC8 /* Release */,
			);
			defaultConfigurationIsVisible = 0;
			defaultConfigurationName = Release;
		};
		9E773CCE23083A7A00D06AC8 /* Build configuration list for PBXNativeTarget "XFReuseViewUITests" */ = {
			isa = XCConfigurationList;
			buildConfigurations = (
				9E773CCF23083A7A00D06AC8 /* Debug */,
				9E773CD023083A7A00D06AC8 /* Release */,
			);
			defaultConfigurationIsVisible = 0;
			defaultConfigurationName = Release;
		};
/* End XCConfigurationList section */
	};
	rootObject = 9E773C9423083A7800D06AC8 /* Project object */;
}
